
Microsoft Visual Studio Solution File, Format Version 10.00
# Visual Studio 2008
Project("{FAE04EC0-301F-11D3-BF4B-00C04F79EFBC}") = "zoec_net", "layerdxplc_net\zoec_net.csproj", "{8EE53024-1041-4D77-9114-35228E569D74}"
EndProject
Project("{8BC9CEB8-8B4A-11D0-8D11-00A0C91BC942}") = "CodeDOM", "CodeDOM\CodeDOM.vcproj", "{3F45B085-BB45-43D1-A0C5-21A27750199E}"
EndProject
Project("{FAE04EC0-301F-11D3-BF4B-00C04F79EFBC}") = "DOMGenerator", "DOMGenerator\DOMGenerator.csproj", "{CCB5A92C-34E5-43F3-B03C-05C70C3E870B}"
EndProject
Project("{8BC9CEB8-8B4A-11D0-8D11-00A0C91BC942}") = "metadppc", "layerddpp\layerddpp.vcproj", "{5F9DA547-AD19-49EF-BB78-72FA6063B70B}"
	ProjectSection(ProjectDependencies) = postProject
		{3F45B085-BB45-43D1-A0C5-21A27750199E} = {3F45B085-BB45-43D1-A0C5-21A27750199E}
	EndProjectSection
EndProject
Project("{FAE04EC0-301F-11D3-BF4B-00C04F79EFBC}") = "lib_layerd_xpl_codedom_net", "lib_layerd_xpl_codedom_cs\lib_layerd_xpl_codedom_net.csproj", "{A5E96AAA-E255-452C-9F58-AD31D588DEFE}"
EndProject
Project("{FAE04EC0-301F-11D3-BF4B-00C04F79EFBC}") = "lib_zoe_outmod_cs", "lib_layerd_xpl_outmod_cs\lib_zoe_outmod_cs.csproj", "{BCCE804D-B7EF-410B-805D-7D91C3B9D95E}"
EndProject
Project("{FAE04EC0-301F-11D3-BF4B-00C04F79EFBC}") = "XPL 1.0", "XPL 1.0\XPL 1.0.csproj", "{C4234DDD-7FA3-4152-9198-1D978CEB826F}"
EndProject
Project("{FAE04EC0-301F-11D3-BF4B-00C04F79EFBC}") = "DOMGeneratorJava", "DOMGeneratorJava\DOMGeneratorJava.csproj", "{1C93FB30-7E00-4066-906D-734F7459F889}"
EndProject
Project("{FAE04EC0-301F-11D3-BF4B-00C04F79EFBC}") = "lib_zoec_core", "lib_layerdxplc_core\lib_zoec_core.csproj", "{2D7B2F5B-DEFF-4FD3-919E-4BB7A411EEFA}"
EndProject
Project("{FAE04EC0-301F-11D3-BF4B-00C04F79EFBC}") = "lib_zoec_outputmoduleslib", "lib_layerdxplc_outputmoduleslib\lib_zoec_outputmoduleslib.csproj", "{C087A155-D784-431D-B7B5-3BFABA7F2E59}"
EndProject
Project("{FAE04EC0-301F-11D3-BF4B-00C04F79EFBC}") = "lib_zoe_cginterface", "lib_zoe_cginterface\lib_zoe_cginterface.csproj", "{5511DCDD-1242-4F70-A1B7-B2EFCCA4D5AB}"
	ProjectSection(ProjectDependencies) = postProject
		{A5E96AAA-E255-452C-9F58-AD31D588DEFE} = {A5E96AAA-E255-452C-9F58-AD31D588DEFE}
	EndProjectSection
EndProject
Project("{FAE04EC0-301F-11D3-BF4B-00C04F79EFBC}") = "lib_zoe_outmod_java", "lib_zoe_outmod_java\lib_zoe_outmod_java.csproj", "{963AA872-C735-42AF-84F6-EDE6CA6799FF}"
EndProject
Project("{FAE04EC0-301F-11D3-BF4B-00C04F79EFBC}") = "lib_zoe_outmod_dpp", "lib_zoe_outmod_dpp\lib_zoe_outmod_dpp.csproj", "{B6F39E3B-7967-450D-A5D3-B254A8CB7A60}"
EndProject
Project("{FAE04EC0-301F-11D3-BF4B-00C04F79EFBC}") = "lib_metadppc", "lib_metadppc\lib_metadppc.csproj", "{2D7B8019-4597-4DA1-81E8-D60046DE6838}"
	ProjectSection(ProjectDependencies) = postProject
		{A5E96AAA-E255-452C-9F58-AD31D588DEFE} = {A5E96AAA-E255-452C-9F58-AD31D588DEFE}
	EndProjectSection
EndProject
Project("{FAE04EC0-301F-11D3-BF4B-00C04F79EFBC}") = "lib_zoe_output_cpp", "lib_zoe_output_cpp\lib_zoe_output_cpp.csproj", "{99645804-DEF5-4FC0-B190-DF677D36D230}"
EndProject
Project("{FAE04EC0-301F-11D3-BF4B-00C04F79EFBC}") = "lib_zoec_outmod_js", "lib_zoec_outmod_js\lib_zoec_outmod_js.csproj", "{71C66A25-BA65-4C22-A988-5045020A2484}"
EndProject
Global
	GlobalSection(SolutionConfigurationPlatforms) = preSolution
		Debug All|Any CPU = Debug All|Any CPU
		Debug All|Mixed Platforms = Debug All|Mixed Platforms
		Debug All|Win32 = Debug All|Win32
		Debug|Any CPU = Debug|Any CPU
		Debug|Mixed Platforms = Debug|Mixed Platforms
		Debug|Win32 = Debug|Win32
		Release All|Any CPU = Release All|Any CPU
		Release All|Mixed Platforms = Release All|Mixed Platforms
		Release All|Win32 = Release All|Win32
		Release|Any CPU = Release|Any CPU
		Release|Mixed Platforms = Release|Mixed Platforms
		Release|Win32 = Release|Win32
	EndGlobalSection
	GlobalSection(ProjectConfigurationPlatforms) = postSolution
		{8EE53024-1041-4D77-9114-35228E569D74}.Debug All|Any CPU.ActiveCfg = Debug|Any CPU
		{8EE53024-1041-4D77-9114-35228E569D74}.Debug All|Any CPU.Build.0 = Debug|Any CPU
		{8EE53024-1041-4D77-9114-35228E569D74}.Debug All|Mixed Platforms.ActiveCfg = Debug|Any CPU
		{8EE53024-1041-4D77-9114-35228E569D74}.Debug All|Mixed Platforms.Build.0 = Debug|Any CPU
		{8EE53024-1041-4D77-9114-35228E569D74}.Debug All|Win32.ActiveCfg = Debug|Any CPU
		{8EE53024-1041-4D77-9114-35228E569D74}.Debug|Any CPU.ActiveCfg = Debug|Any CPU
		{8EE53024-1041-4D77-9114-35228E569D74}.Debug|Any CPU.Build.0 = Debug|Any CPU
		{8EE53024-1041-4D77-9114-35228E569D74}.Debug|Mixed Platforms.ActiveCfg = Debug|Any CPU
		{8EE53024-1041-4D77-9114-35228E569D74}.Debug|Mixed Platforms.Build.0 = Debug|Any CPU
		{8EE53024-1041-4D77-9114-35228E569D74}.Debug|Win32.ActiveCfg = Debug|Any CPU
		{8EE53024-1041-4D77-9114-35228E569D74}.Release All|Any CPU.ActiveCfg = Release|Any CPU
		{8EE53024-1041-4D77-9114-35228E569D74}.Release All|Any CPU.Build.0 = Release|Any CPU
		{8EE53024-1041-4D77-9114-35228E569D74}.Release All|Mixed Platforms.ActiveCfg = Release|Any CPU
		{8EE53024-1041-4D77-9114-35228E569D74}.Release All|Mixed Platforms.Build.0 = Release|Any CPU
		{8EE53024-1041-4D77-9114-35228E569D74}.Release All|Win32.ActiveCfg = Release|Any CPU
		{8EE53024-1041-4D77-9114-35228E569D74}.Release|Any CPU.ActiveCfg = Release|Any CPU
		{8EE53024-1041-4D77-9114-35228E569D74}.Release|Any CPU.Build.0 = Release|Any CPU
		{8EE53024-1041-4D77-9114-35228E569D74}.Release|Mixed Platforms.ActiveCfg = Release|Any CPU
		{8EE53024-1041-4D77-9114-35228E569D74}.Release|Mixed Platforms.Build.0 = Release|Any CPU
		{8EE53024-1041-4D77-9114-35228E569D74}.Release|Win32.ActiveCfg = Release|Any CPU
		{3F45B085-BB45-43D1-A0C5-21A27750199E}.Debug All|Any CPU.ActiveCfg = Debug All|Win32
		{3F45B085-BB45-43D1-A0C5-21A27750199E}.Debug All|Mixed Platforms.ActiveCfg = Debug All|Win32
		{3F45B085-BB45-43D1-A0C5-21A27750199E}.Debug All|Mixed Platforms.Build.0 = Debug All|Win32
		{3F45B085-BB45-43D1-A0C5-21A27750199E}.Debug All|Win32.ActiveCfg = Debug All|Win32
		{3F45B085-BB45-43D1-A0C5-21A27750199E}.Debug All|Win32.Build.0 = Debug All|Win32
		{3F45B085-BB45-43D1-A0C5-21A27750199E}.Debug|Any CPU.ActiveCfg = Debug|Win32
		{3F45B085-BB45-43D1-A0C5-21A27750199E}.Debug|Mixed Platforms.ActiveCfg = Debug|Win32
		{3F45B085-BB45-43D1-A0C5-21A27750199E}.Debug|Mixed Platforms.Build.0 = Debug|Win32
		{3F45B085-BB45-43D1-A0C5-21A27750199E}.Debug|Win32.ActiveCfg = Debug|Win32
		{3F45B085-BB45-43D1-A0C5-21A27750199E}.Debug|Win32.Build.0 = Debug|Win32
		{3F45B085-BB45-43D1-A0C5-21A27750199E}.Release All|Any CPU.ActiveCfg = Release All|Win32
		{3F45B085-BB45-43D1-A0C5-21A27750199E}.Release All|Mixed Platforms.ActiveCfg = Release All|Win32
		{3F45B085-BB45-43D1-A0C5-21A27750199E}.Release All|Mixed Platforms.Build.0 = Release All|Win32
		{3F45B085-BB45-43D1-A0C5-21A27750199E}.Release All|Win32.ActiveCfg = Release All|Win32
		{3F45B085-BB45-43D1-A0C5-21A27750199E}.Release All|Win32.Build.0 = Release All|Win32
		{3F45B085-BB45-43D1-A0C5-21A27750199E}.Release|Any CPU.ActiveCfg = Release|Win32
		{3F45B085-BB45-43D1-A0C5-21A27750199E}.Release|Mixed Platforms.ActiveCfg = Release|Win32
		{3F45B085-BB45-43D1-A0C5-21A27750199E}.Release|Mixed Platforms.Build.0 = Release|Win32
		{3F45B085-BB45-43D1-A0C5-21A27750199E}.Release|Win32.ActiveCfg = Release|Win32
		{3F45B085-BB45-43D1-A0C5-21A27750199E}.Release|Win32.Build.0 = Release|Win32
		{CCB5A92C-34E5-43F3-B03C-05C70C3E870B}.Debug All|Any CPU.ActiveCfg = Debug All|Any CPU
		{CCB5A92C-34E5-43F3-B03C-05C70C3E870B}.Debug All|Any CPU.Build.0 = Debug All|Any CPU
		{CCB5A92C-34E5-43F3-B03C-05C70C3E870B}.Debug All|Mixed Platforms.ActiveCfg = Debug All|Any CPU
		{CCB5A92C-34E5-43F3-B03C-05C70C3E870B}.Debug All|Mixed Platforms.Build.0 = Debug All|Any CPU
		{CCB5A92C-34E5-43F3-B03C-05C70C3E870B}.Debug All|Win32.ActiveCfg = Debug All|Any CPU
		{CCB5A92C-34E5-43F3-B03C-05C70C3E870B}.Debug|Any CPU.ActiveCfg = Debug|Any CPU
		{CCB5A92C-34E5-43F3-B03C-05C70C3E870B}.Debug|Mixed Platforms.ActiveCfg = Debug|Any CPU
		{CCB5A92C-34E5-43F3-B03C-05C70C3E870B}.Debug|Mixed Platforms.Build.0 = Debug|Any CPU
		{CCB5A92C-34E5-43F3-B03C-05C70C3E870B}.Debug|Win32.ActiveCfg = Debug|Any CPU
		{CCB5A92C-34E5-43F3-B03C-05C70C3E870B}.Release All|Any CPU.ActiveCfg = Release All|Any CPU
		{CCB5A92C-34E5-43F3-B03C-05C70C3E870B}.Release All|Any CPU.Build.0 = Release All|Any CPU
		{CCB5A92C-34E5-43F3-B03C-05C70C3E870B}.Release All|Mixed Platforms.ActiveCfg = Release All|Any CPU
		{CCB5A92C-34E5-43F3-B03C-05C70C3E870B}.Release All|Mixed Platforms.Build.0 = Release All|Any CPU
		{CCB5A92C-34E5-43F3-B03C-05C70C3E870B}.Release All|Win32.ActiveCfg = Release All|Any CPU
		{CCB5A92C-34E5-43F3-B03C-05C70C3E870B}.Release|Any CPU.ActiveCfg = Release|Any CPU
		{CCB5A92C-34E5-43F3-B03C-05C70C3E870B}.Release|Any CPU.Build.0 = Release|Any CPU
		{CCB5A92C-34E5-43F3-B03C-05C70C3E870B}.Release|Mixed Platforms.ActiveCfg = Release|Any CPU
		{CCB5A92C-34E5-43F3-B03C-05C70C3E870B}.Release|Mixed Platforms.Build.0 = Release|Any CPU
		{CCB5A92C-34E5-43F3-B03C-05C70C3E870B}.Release|Win32.ActiveCfg = Release|Any CPU
		{5F9DA547-AD19-49EF-BB78-72FA6063B70B}.Debug All|Any CPU.ActiveCfg = Debug All|Win32
		{5F9DA547-AD19-49EF-BB78-72FA6063B70B}.Debug All|Mixed Platforms.ActiveCfg = Debug All|Win32
		{5F9DA547-AD19-49EF-BB78-72FA6063B70B}.Debug All|Mixed Platforms.Build.0 = Debug All|Win32
		{5F9DA547-AD19-49EF-BB78-72FA6063B70B}.Debug All|Win32.ActiveCfg = Debug All|Win32
		{5F9DA547-AD19-49EF-BB78-72FA6063B70B}.Debug All|Win32.Build.0 = Debug All|Win32
		{5F9DA547-AD19-49EF-BB78-72FA6063B70B}.Debug|Any CPU.ActiveCfg = Debug|Win32
		{5F9DA547-AD19-49EF-BB78-72FA6063B70B}.Debug|Mixed Platforms.ActiveCfg = Debug|Win32
		{5F9DA547-AD19-49EF-BB78-72FA6063B70B}.Debug|Mixed Platforms.Build.0 = Debug|Win32
		{5F9DA547-AD19-49EF-BB78-72FA6063B70B}.Debug|Win32.ActiveCfg = Debug|Win32
		{5F9DA547-AD19-49EF-BB78-72FA6063B70B}.Debug|Win32.Build.0 = Debug|Win32
		{5F9DA547-AD19-49EF-BB78-72FA6063B70B}.Release All|Any CPU.ActiveCfg = Release All|Win32
		{5F9DA547-AD19-49EF-BB78-72FA6063B70B}.Release All|Mixed Platforms.ActiveCfg = Release All|Win32
		{5F9DA547-AD19-49EF-BB78-72FA6063B70B}.Release All|Mixed Platforms.Build.0 = Release All|Win32
		{5F9DA547-AD19-49EF-BB78-72FA6063B70B}.Release All|Win32.ActiveCfg = Release All|Win32
		{5F9DA547-AD19-49EF-BB78-72FA6063B70B}.Release All|Win32.Build.0 = Release All|Win32
		{5F9DA547-AD19-49EF-BB78-72FA6063B70B}.Release|Any CPU.ActiveCfg = Release|Win32
		{5F9DA547-AD19-49EF-BB78-72FA6063B70B}.Release|Mixed Platforms.ActiveCfg = Release|Win32
		{5F9DA547-AD19-49EF-BB78-72FA6063B70B}.Release|Mixed Platforms.Build.0 = Release|Win32
		{5F9DA547-AD19-49EF-BB78-72FA6063B70B}.Release|Win32.ActiveCfg = Release|Win32
		{5F9DA547-AD19-49EF-BB78-72FA6063B70B}.Release|Win32.Build.0 = Release|Win32
		{A5E96AAA-E255-452C-9F58-AD31D588DEFE}.Debug All|Any CPU.ActiveCfg = Debug All|Any CPU
		{A5E96AAA-E255-452C-9F58-AD31D588DEFE}.Debug All|Any CPU.Build.0 = Debug All|Any CPU
		{A5E96AAA-E255-452C-9F58-AD31D588DEFE}.Debug All|Mixed Platforms.ActiveCfg = Debug All|Any CPU
		{A5E96AAA-E255-452C-9F58-AD31D588DEFE}.Debug All|Mixed Platforms.Build.0 = Debug All|Any CPU
		{A5E96AAA-E255-452C-9F58-AD31D588DEFE}.Debug All|Win32.ActiveCfg = Debug All|Any CPU
		{A5E96AAA-E255-452C-9F58-AD31D588DEFE}.Debug|Any CPU.ActiveCfg = Debug|Any CPU
		{A5E96AAA-E255-452C-9F58-AD31D588DEFE}.Debug|Any CPU.Build.0 = Debug|Any CPU
		{A5E96AAA-E255-452C-9F58-AD31D588DEFE}.Debug|Mixed Platforms.ActiveCfg = Debug|Any CPU
		{A5E96AAA-E255-452C-9F58-AD31D588DEFE}.Debug|Mixed Platforms.Build.0 = Debug|Any CPU
		{A5E96AAA-E255-452C-9F58-AD31D588DEFE}.Debug|Win32.ActiveCfg = Debug|Any CPU
		{A5E96AAA-E255-452C-9F58-AD31D588DEFE}.Release All|Any CPU.ActiveCfg = Release All|Any CPU
		{A5E96AAA-E255-452C-9F58-AD31D588DEFE}.Release All|Any CPU.Build.0 = Release All|Any CPU
		{A5E96AAA-E255-452C-9F58-AD31D588DEFE}.Release All|Mixed Platforms.ActiveCfg = Release All|Any CPU
		{A5E96AAA-E255-452C-9F58-AD31D588DEFE}.Release All|Mixed Platforms.Build.0 = Release All|Any CPU
		{A5E96AAA-E255-452C-9F58-AD31D588DEFE}.Release All|Win32.ActiveCfg = Release All|Any CPU
		{A5E96AAA-E255-452C-9F58-AD31D588DEFE}.Release|Any CPU.ActiveCfg = Release|Any CPU
		{A5E96AAA-E255-452C-9F58-AD31D588DEFE}.Release|Any CPU.Build.0 = Release|Any CPU
		{A5E96AAA-E255-452C-9F58-AD31D588DEFE}.Release|Mixed Platforms.ActiveCfg = Release|Any CPU
		{A5E96AAA-E255-452C-9F58-AD31D588DEFE}.Release|Mixed Platforms.Build.0 = Release|Any CPU
		{A5E96AAA-E255-452C-9F58-AD31D588DEFE}.Release|Win32.ActiveCfg = Release|Any CPU
		{BCCE804D-B7EF-410B-805D-7D91C3B9D95E}.Debug All|Any CPU.ActiveCfg = Debug All|Any CPU
		{BCCE804D-B7EF-410B-805D-7D91C3B9D95E}.Debug All|Any CPU.Build.0 = Debug All|Any CPU
		{BCCE804D-B7EF-410B-805D-7D91C3B9D95E}.Debug All|Mixed Platforms.ActiveCfg = Debug All|Any CPU
		{BCCE804D-B7EF-410B-805D-7D91C3B9D95E}.Debug All|Mixed Platforms.Build.0 = Debug All|Any CPU
		{BCCE804D-B7EF-410B-805D-7D91C3B9D95E}.Debug All|Win32.ActiveCfg = Debug All|Any CPU
		{BCCE804D-B7EF-410B-805D-7D91C3B9D95E}.Debug|Any CPU.ActiveCfg = Debug|Any CPU
		{BCCE804D-B7EF-410B-805D-7D91C3B9D95E}.Debug|Any CPU.Build.0 = Debug|Any CPU
		{BCCE804D-B7EF-410B-805D-7D91C3B9D95E}.Debug|Mixed Platforms.ActiveCfg = Debug|Any CPU
		{BCCE804D-B7EF-410B-805D-7D91C3B9D95E}.Debug|Mixed Platforms.Build.0 = Debug|Any CPU
		{BCCE804D-B7EF-410B-805D-7D91C3B9D95E}.Debug|Win32.ActiveCfg = Debug|Any CPU
		{BCCE804D-B7EF-410B-805D-7D91C3B9D95E}.Release All|Any CPU.ActiveCfg = Release All|Any CPU
		{BCCE804D-B7EF-410B-805D-7D91C3B9D95E}.Release All|Any CPU.Build.0 = Release All|Any CPU
		{BCCE804D-B7EF-410B-805D-7D91C3B9D95E}.Release All|Mixed Platforms.ActiveCfg = Release All|Any CPU
		{BCCE804D-B7EF-410B-805D-7D91C3B9D95E}.Release All|Mixed Platforms.Build.0 = Release All|Any CPU
		{BCCE804D-B7EF-410B-805D-7D91C3B9D95E}.Release All|Win32.ActiveCfg = Release All|Any CPU
		{BCCE804D-B7EF-410B-805D-7D91C3B9D95E}.Release|Any CPU.ActiveCfg = Release|Any CPU
		{BCCE804D-B7EF-410B-805D-7D91C3B9D95E}.Release|Any CPU.Build.0 = Release|Any CPU
		{BCCE804D-B7EF-410B-805D-7D91C3B9D95E}.Release|Mixed Platforms.ActiveCfg = Release|Any CPU
		{BCCE804D-B7EF-410B-805D-7D91C3B9D95E}.Release|Mixed Platforms.Build.0 = Release|Any CPU
		{BCCE804D-B7EF-410B-805D-7D91C3B9D95E}.Release|Win32.ActiveCfg = Release|Any CPU
		{C4234DDD-7FA3-4152-9198-1D978CEB826F}.Debug All|Any CPU.ActiveCfg = Debug All|Any CPU
		{C4234DDD-7FA3-4152-9198-1D978CEB826F}.Debug All|Any CPU.Build.0 = Debug All|Any CPU
		{C4234DDD-7FA3-4152-9198-1D978CEB826F}.Debug All|Mixed Platforms.ActiveCfg = Debug All|Any CPU
		{C4234DDD-7FA3-4152-9198-1D978CEB826F}.Debug All|Mixed Platforms.Build.0 = Debug All|Any CPU
		{C4234DDD-7FA3-4152-9198-1D978CEB826F}.Debug All|Win32.ActiveCfg = Debug All|Any CPU
		{C4234DDD-7FA3-4152-9198-1D978CEB826F}.Debug|Any CPU.ActiveCfg = Debug|Any CPU
		{C4234DDD-7FA3-4152-9198-1D978CEB826F}.Debug|Mixed Platforms.ActiveCfg = Debug|Any CPU
		{C4234DDD-7FA3-4152-9198-1D978CEB826F}.Debug|Win32.ActiveCfg = Debug|Any CPU
		{C4234DDD-7FA3-4152-9198-1D978CEB826F}.Release All|Any CPU.ActiveCfg = Release All|Any CPU
		{C4234DDD-7FA3-4152-9198-1D978CEB826F}.Release All|Any CPU.Build.0 = Release All|Any CPU
		{C4234DDD-7FA3-4152-9198-1D978CEB826F}.Release All|Mixed Platforms.ActiveCfg = Release All|Any CPU
		{C4234DDD-7FA3-4152-9198-1D978CEB826F}.Release All|Mixed Platforms.Build.0 = Release All|Any CPU
		{C4234DDD-7FA3-4152-9198-1D978CEB826F}.Release All|Win32.ActiveCfg = Release All|Any CPU
		{C4234DDD-7FA3-4152-9198-1D978CEB826F}.Release|Any CPU.ActiveCfg = Release|Any CPU
		{C4234DDD-7FA3-4152-9198-1D978CEB826F}.Release|Mixed Platforms.ActiveCfg = Release|Any CPU
		{C4234DDD-7FA3-4152-9198-1D978CEB826F}.Release|Win32.ActiveCfg = Release|Any CPU
		{1C93FB30-7E00-4066-906D-734F7459F889}.Debug All|Any CPU.ActiveCfg = Debug All|Any CPU
		{1C93FB30-7E00-4066-906D-734F7459F889}.Debug All|Any CPU.Build.0 = Debug All|Any CPU
		{1C93FB30-7E00-4066-906D-734F7459F889}.Debug All|Mixed Platforms.ActiveCfg = Debug All|Any CPU
		{1C93FB30-7E00-4066-906D-734F7459F889}.Debug All|Mixed Platforms.Build.0 = Debug All|Any CPU
		{1C93FB30-7E00-4066-906D-734F7459F889}.Debug All|Win32.ActiveCfg = Debug All|Any CPU
		{1C93FB30-7E00-4066-906D-734F7459F889}.Debug|Any CPU.ActiveCfg = Debug|Any CPU
		{1C93FB30-7E00-4066-906D-734F7459F889}.Debug|Any CPU.Build.0 = Debug|Any CPU
		{1C93FB30-7E00-4066-906D-734F7459F889}.Debug|Mixed Platforms.ActiveCfg = Debug|Any CPU
		{1C93FB30-7E00-4066-906D-734F7459F889}.Debug|Mixed Platforms.Build.0 = Debug|Any CPU
		{1C93FB30-7E00-4066-906D-734F7459F889}.Debug|Win32.ActiveCfg = Debug|Any CPU
		{1C93FB30-7E00-4066-906D-734F7459F889}.Release All|Any CPU.ActiveCfg = Release All|Any CPU
		{1C93FB30-7E00-4066-906D-734F7459F889}.Release All|Any CPU.Build.0 = Release All|Any CPU
		{1C93FB30-7E00-4066-906D-734F7459F889}.Release All|Mixed Platforms.ActiveCfg = Release All|Any CPU
		{1C93FB30-7E00-4066-906D-734F7459F889}.Release All|Mixed Platforms.Build.0 = Release All|Any CPU
		{1C93FB30-7E00-4066-906D-734F7459F889}.Release All|Win32.ActiveCfg = Release All|Any CPU
		{1C93FB30-7E00-4066-906D-734F7459F889}.Release|Any CPU.ActiveCfg = Release|Any CPU
		{1C93FB30-7E00-4066-906D-734F7459F889}.Release|Any CPU.Build.0 = Release|Any CPU
		{1C93FB30-7E00-4066-906D-734F7459F889}.Release|Mixed Platforms.ActiveCfg = Release|Any CPU
		{1C93FB30-7E00-4066-906D-734F7459F889}.Release|Mixed Platforms.Build.0 = Release|Any CPU
		{1C93FB30-7E00-4066-906D-734F7459F889}.Release|Win32.ActiveCfg = Release|Any CPU
		{2D7B2F5B-DEFF-4FD3-919E-4BB7A411EEFA}.Debug All|Any CPU.ActiveCfg = Debug|Any CPU
		{2D7B2F5B-DEFF-4FD3-919E-4BB7A411EEFA}.Debug All|Any CPU.Build.0 = Debug|Any CPU
		{2D7B2F5B-DEFF-4FD3-919E-4BB7A411EEFA}.Debug All|Mixed Platforms.ActiveCfg = Debug|Any CPU
		{2D7B2F5B-DEFF-4FD3-919E-4BB7A411EEFA}.Debug All|Mixed Platforms.Build.0 = Debug|Any CPU
		{2D7B2F5B-DEFF-4FD3-919E-4BB7A411EEFA}.Debug All|Win32.ActiveCfg = Debug|Any CPU
		{2D7B2F5B-DEFF-4FD3-919E-4BB7A411EEFA}.Debug|Any CPU.ActiveCfg = Debug|Any CPU
		{2D7B2F5B-DEFF-4FD3-919E-4BB7A411EEFA}.Debug|Any CPU.Build.0 = Debug|Any CPU
		{2D7B2F5B-DEFF-4FD3-919E-4BB7A411EEFA}.Debug|Mixed Platforms.ActiveCfg = Debug|Any CPU
		{2D7B2F5B-DEFF-4FD3-919E-4BB7A411EEFA}.Debug|Mixed Platforms.Build.0 = Debug|Any CPU
		{2D7B2F5B-DEFF-4FD3-919E-4BB7A411EEFA}.Debug|Win32.ActiveCfg = Debug|Any CPU
		{2D7B2F5B-DEFF-4FD3-919E-4BB7A411EEFA}.Release All|Any CPU.ActiveCfg = Release|Any CPU
		{2D7B2F5B-DEFF-4FD3-919E-4BB7A411EEFA}.Release All|Any CPU.Build.0 = Release|Any CPU
		{2D7B2F5B-DEFF-4FD3-919E-4BB7A411EEFA}.Release All|Mixed Platforms.ActiveCfg = Release|Any CPU
		{2D7B2F5B-DEFF-4FD3-919E-4BB7A411EEFA}.Release All|Mixed Platforms.Build.0 = Release|Any CPU
		{2D7B2F5B-DEFF-4FD3-919E-4BB7A411EEFA}.Release All|Win32.ActiveCfg = Release|Any CPU
		{2D7B2F5B-DEFF-4FD3-919E-4BB7A411EEFA}.Release|Any CPU.ActiveCfg = Release|Any CPU
		{2D7B2F5B-DEFF-4FD3-919E-4BB7A411EEFA}.Release|Any CPU.Build.0 = Release|Any CPU
		{2D7B2F5B-DEFF-4FD3-919E-4BB7A411EEFA}.Release|Mixed Platforms.ActiveCfg = Release|Any CPU
		{2D7B2F5B-DEFF-4FD3-919E-4BB7A411EEFA}.Release|Mixed Platforms.Build.0 = Release|Any CPU
		{2D7B2F5B-DEFF-4FD3-919E-4BB7A411EEFA}.Release|Win32.ActiveCfg = Release|Any CPU
		{C087A155-D784-431D-B7B5-3BFABA7F2E59}.Debug All|Any CPU.ActiveCfg = Debug|Any CPU
		{C087A155-D784-431D-B7B5-3BFABA7F2E59}.Debug All|Any CPU.Build.0 = Debug|Any CPU
		{C087A155-D784-431D-B7B5-3BFABA7F2E59}.Debug All|Mixed Platforms.ActiveCfg = Debug|Any CPU
		{C087A155-D784-431D-B7B5-3BFABA7F2E59}.Debug All|Mixed Platforms.Build.0 = Debug|Any CPU
		{C087A155-D784-431D-B7B5-3BFABA7F2E59}.Debug All|Win32.ActiveCfg = Debug|Any CPU
		{C087A155-D784-431D-B7B5-3BFABA7F2E59}.Debug|Any CPU.ActiveCfg = Debug|Any CPU
		{C087A155-D784-431D-B7B5-3BFABA7F2E59}.Debug|Any CPU.Build.0 = Debug|Any CPU
		{C087A155-D784-431D-B7B5-3BFABA7F2E59}.Debug|Mixed Platforms.ActiveCfg = Debug|Any CPU
		{C087A155-D784-431D-B7B5-3BFABA7F2E59}.Debug|Mixed Platforms.Build.0 = Debug|Any CPU
		{C087A155-D784-431D-B7B5-3BFABA7F2E59}.Debug|Win32.ActiveCfg = Debug|Any CPU
		{C087A155-D784-431D-B7B5-3BFABA7F2E59}.Release All|Any CPU.ActiveCfg = Release|Any CPU
		{C087A155-D784-431D-B7B5-3BFABA7F2E59}.Release All|Any CPU.Build.0 = Release|Any CPU
		{C087A155-D784-431D-B7B5-3BFABA7F2E59}.Release All|Mixed Platforms.ActiveCfg = Release|Any CPU
		{C087A155-D784-431D-B7B5-3BFABA7F2E59}.Release All|Mixed Platforms.Build.0 = Release|Any CPU
		{C087A155-D784-431D-B7B5-3BFABA7F2E59}.Release All|Win32.ActiveCfg = Release|Any CPU
		{C087A155-D784-431D-B7B5-3BFABA7F2E59}.Release|Any CPU.ActiveCfg = Release|Any CPU
		{C087A155-D784-431D-B7B5-3BFABA7F2E59}.Release|Any CPU.Build.0 = Release|Any CPU
		{C087A155-D784-431D-B7B5-3BFABA7F2E59}.Release|Mixed Platforms.ActiveCfg = Release|Any CPU
		{C087A155-D784-431D-B7B5-3BFABA7F2E59}.Release|Mixed Platforms.Build.0 = Release|Any CPU
		{C087A155-D784-431D-B7B5-3BFABA7F2E59}.Release|Win32.ActiveCfg = Release|Any CPU
		{5511DCDD-1242-4F70-A1B7-B2EFCCA4D5AB}.Debug All|Any CPU.ActiveCfg = Debug|Any CPU
		{5511DCDD-1242-4F70-A1B7-B2EFCCA4D5AB}.Debug All|Any CPU.Build.0 = Debug|Any CPU
		{5511DCDD-1242-4F70-A1B7-B2EFCCA4D5AB}.Debug All|Mixed Platforms.ActiveCfg = Debug|Any CPU
		{5511DCDD-1242-4F70-A1B7-B2EFCCA4D5AB}.Debug All|Mixed Platforms.Build.0 = Debug|Any CPU
		{5511DCDD-1242-4F70-A1B7-B2EFCCA4D5AB}.Debug All|Win32.ActiveCfg = Debug|Any CPU
		{5511DCDD-1242-4F70-A1B7-B2EFCCA4D5AB}.Debug|Any CPU.ActiveCfg = Debug|Any CPU
		{5511DCDD-1242-4F70-A1B7-B2EFCCA4D5AB}.Debug|Any CPU.Build.0 = Debug|Any CPU
		{5511DCDD-1242-4F70-A1B7-B2EFCCA4D5AB}.Debug|Mixed Platforms.ActiveCfg = Debug|Any CPU
		{5511DCDD-1242-4F70-A1B7-B2EFCCA4D5AB}.Debug|Mixed Platforms.Build.0 = Debug|Any CPU
		{5511DCDD-1242-4F70-A1B7-B2EFCCA4D5AB}.Debug|Win32.ActiveCfg = Debug|Any CPU
		{5511DCDD-1242-4F70-A1B7-B2EFCCA4D5AB}.Release All|Any CPU.ActiveCfg = Release|Any CPU
		{5511DCDD-1242-4F70-A1B7-B2EFCCA4D5AB}.Release All|Any CPU.Build.0 = Release|Any CPU
		{5511DCDD-1242-4F70-A1B7-B2EFCCA4D5AB}.Release All|Mixed Platforms.ActiveCfg = Release|Any CPU
		{5511DCDD-1242-4F70-A1B7-B2EFCCA4D5AB}.Release All|Mixed Platforms.Build.0 = Release|Any CPU
		{5511DCDD-1242-4F70-A1B7-B2EFCCA4D5AB}.Release All|Win32.ActiveCfg = Release|Any CPU
		{5511DCDD-1242-4F70-A1B7-B2EFCCA4D5AB}.Release|Any CPU.ActiveCfg = Release|Any CPU
		{5511DCDD-1242-4F70-A1B7-B2EFCCA4D5AB}.Release|Any CPU.Build.0 = Release|Any CPU
		{5511DCDD-1242-4F70-A1B7-B2EFCCA4D5AB}.Release|Mixed Platforms.ActiveCfg = Release|Any CPU
		{5511DCDD-1242-4F70-A1B7-B2EFCCA4D5AB}.Release|Mixed Platforms.Build.0 = Release|Any CPU
		{5511DCDD-1242-4F70-A1B7-B2EFCCA4D5AB}.Release|Win32.ActiveCfg = Release|Any CPU
		{963AA872-C735-42AF-84F6-EDE6CA6799FF}.Debug All|Any CPU.ActiveCfg = Debug|Any CPU
		{963AA872-C735-42AF-84F6-EDE6CA6799FF}.Debug All|Any CPU.Build.0 = Debug|Any CPU
		{963AA872-C735-42AF-84F6-EDE6CA6799FF}.Debug All|Mixed Platforms.ActiveCfg = Debug|Any CPU
		{963AA872-C735-42AF-84F6-EDE6CA6799FF}.Debug All|Mixed Platforms.Build.0 = Debug|Any CPU
		{963AA872-C735-42AF-84F6-EDE6CA6799FF}.Debug All|Win32.ActiveCfg = Debug|Any CPU
		{963AA872-C735-42AF-84F6-EDE6CA6799FF}.Debug|Any CPU.ActiveCfg = Debug|Any CPU
		{963AA872-C735-42AF-84F6-EDE6CA6799FF}.Debug|Any CPU.Build.0 = Debug|Any CPU
		{963AA872-C735-42AF-84F6-EDE6CA6799FF}.Debug|Mixed Platforms.ActiveCfg = Debug|Any CPU
		{963AA872-C735-42AF-84F6-EDE6CA6799FF}.Debug|Mixed Platforms.Build.0 = Debug|Any CPU
		{963AA872-C735-42AF-84F6-EDE6CA6799FF}.Debug|Win32.ActiveCfg = Debug|Any CPU
		{963AA872-C735-42AF-84F6-EDE6CA6799FF}.Release All|Any CPU.ActiveCfg = Release|Any CPU
		{963AA872-C735-42AF-84F6-EDE6CA6799FF}.Release All|Any CPU.Build.0 = Release|Any CPU
		{963AA872-C735-42AF-84F6-EDE6CA6799FF}.Release All|Mixed Platforms.ActiveCfg = Release|Any CPU
		{963AA872-C735-42AF-84F6-EDE6CA6799FF}.Release All|Mixed Platforms.Build.0 = Release|Any CPU
		{963AA872-C735-42AF-84F6-EDE6CA6799FF}.Release All|Win32.ActiveCfg = Release|Any CPU
		{963AA872-C735-42AF-84F6-EDE6CA6799FF}.Release|Any CPU.ActiveCfg = Release|Any CPU
		{963AA872-C735-42AF-84F6-EDE6CA6799FF}.Release|Any CPU.Build.0 = Release|Any CPU
		{963AA872-C735-42AF-84F6-EDE6CA6799FF}.Release|Mixed Platforms.ActiveCfg = Release|Any CPU
		{963AA872-C735-42AF-84F6-EDE6CA6799FF}.Release|Mixed Platforms.Build.0 = Release|Any CPU
		{963AA872-C735-42AF-84F6-EDE6CA6799FF}.Release|Win32.ActiveCfg = Release|Any CPU
		{B6F39E3B-7967-450D-A5D3-B254A8CB7A60}.Debug All|Any CPU.ActiveCfg = Debug All|Any CPU
		{B6F39E3B-7967-450D-A5D3-B254A8CB7A60}.Debug All|Any CPU.Build.0 = Debug All|Any CPU
		{B6F39E3B-7967-450D-A5D3-B254A8CB7A60}.Debug All|Mixed Platforms.ActiveCfg = Debug All|Any CPU
		{B6F39E3B-7967-450D-A5D3-B254A8CB7A60}.Debug All|Mixed Platforms.Build.0 = Debug All|Any CPU
		{B6F39E3B-7967-450D-A5D3-B254A8CB7A60}.Debug All|Win32.ActiveCfg = Debug All|Any CPU
		{B6F39E3B-7967-450D-A5D3-B254A8CB7A60}.Debug|Any CPU.ActiveCfg = Debug|Any CPU
		{B6F39E3B-7967-450D-A5D3-B254A8CB7A60}.Debug|Any CPU.Build.0 = Debug|Any CPU
		{B6F39E3B-7967-450D-A5D3-B254A8CB7A60}.Debug|Mixed Platforms.ActiveCfg = Debug|Any CPU
		{B6F39E3B-7967-450D-A5D3-B254A8CB7A60}.Debug|Mixed Platforms.Build.0 = Debug|Any CPU
		{B6F39E3B-7967-450D-A5D3-B254A8CB7A60}.Debug|Win32.ActiveCfg = Debug|Any CPU
		{B6F39E3B-7967-450D-A5D3-B254A8CB7A60}.Release All|Any CPU.ActiveCfg = Release All|Any CPU
		{B6F39E3B-7967-450D-A5D3-B254A8CB7A60}.Release All|Any CPU.Build.0 = Release All|Any CPU
		{B6F39E3B-7967-450D-A5D3-B254A8CB7A60}.Release All|Mixed Platforms.ActiveCfg = Release All|Any CPU
		{B6F39E3B-7967-450D-A5D3-B254A8CB7A60}.Release All|Mixed Platforms.Build.0 = Release All|Any CPU
		{B6F39E3B-7967-450D-A5D3-B254A8CB7A60}.Release All|Win32.ActiveCfg = Release All|Any CPU
		{B6F39E3B-7967-450D-A5D3-B254A8CB7A60}.Release|Any CPU.ActiveCfg = Release|Any CPU
		{B6F39E3B-7967-450D-A5D3-B254A8CB7A60}.Release|Any CPU.Build.0 = Release|Any CPU
		{B6F39E3B-7967-450D-A5D3-B254A8CB7A60}.Release|Mixed Platforms.ActiveCfg = Release|Any CPU
		{B6F39E3B-7967-450D-A5D3-B254A8CB7A60}.Release|Mixed Platforms.Build.0 = Release|Any CPU
		{B6F39E3B-7967-450D-A5D3-B254A8CB7A60}.Release|Win32.ActiveCfg = Release|Any CPU
		{2D7B8019-4597-4DA1-81E8-D60046DE6838}.Debug All|Any CPU.ActiveCfg = Debug|Any CPU
		{2D7B8019-4597-4DA1-81E8-D60046DE6838}.Debug All|Any CPU.Build.0 = Debug|Any CPU
		{2D7B8019-4597-4DA1-81E8-D60046DE6838}.Debug All|Mixed Platforms.ActiveCfg = Debug|Any CPU
		{2D7B8019-4597-4DA1-81E8-D60046DE6838}.Debug All|Mixed Platforms.Build.0 = Debug|Any CPU
		{2D7B8019-4597-4DA1-81E8-D60046DE6838}.Debug All|Win32.ActiveCfg = Debug|Any CPU
		{2D7B8019-4597-4DA1-81E8-D60046DE6838}.Debug|Any CPU.ActiveCfg = Debug|Any CPU
		{2D7B8019-4597-4DA1-81E8-D60046DE6838}.Debug|Any CPU.Build.0 = Debug|Any CPU
		{2D7B8019-4597-4DA1-81E8-D60046DE6838}.Debug|Mixed Platforms.ActiveCfg = Debug|Any CPU
		{2D7B8019-4597-4DA1-81E8-D60046DE6838}.Debug|Mixed Platforms.Build.0 = Debug|Any CPU
		{2D7B8019-4597-4DA1-81E8-D60046DE6838}.Debug|Win32.ActiveCfg = Debug|Any CPU
		{2D7B8019-4597-4DA1-81E8-D60046DE6838}.Release All|Any CPU.ActiveCfg = Release|Any CPU
		{2D7B8019-4597-4DA1-81E8-D60046DE6838}.Release All|Any CPU.Build.0 = Release|Any CPU
		{2D7B8019-4597-4DA1-81E8-D60046DE6838}.Release All|Mixed Platforms.ActiveCfg = Release|Any CPU
		{2D7B8019-4597-4DA1-81E8-D60046DE6838}.Release All|Mixed Platforms.Build.0 = Release|Any CPU
		{2D7B8019-4597-4DA1-81E8-D60046DE6838}.Release All|Win32.ActiveCfg = Release|Any CPU
		{2D7B8019-4597-4DA1-81E8-D60046DE6838}.Release|Any CPU.ActiveCfg = Release|Any CPU
		{2D7B8019-4597-4DA1-81E8-D60046DE6838}.Release|Any CPU.Build.0 = Release|Any CPU
		{2D7B8019-4597-4DA1-81E8-D60046DE6838}.Release|Mixed Platforms.ActiveCfg = Release|Any CPU
		{2D7B8019-4597-4DA1-81E8-D60046DE6838}.Release|Mixed Platforms.Build.0 = Release|Any CPU
		{2D7B8019-4597-4DA1-81E8-D60046DE6838}.Release|Win32.ActiveCfg = Release|Any CPU
		{99645804-DEF5-4FC0-B190-DF677D36D230}.Debug All|Any CPU.ActiveCfg = Debug|Any CPU
		{99645804-DEF5-4FC0-B190-DF677D36D230}.Debug All|Any CPU.Build.0 = Debug|Any CPU
		{99645804-DEF5-4FC0-B190-DF677D36D230}.Debug All|Mixed Platforms.ActiveCfg = Debug|Any CPU
		{99645804-DEF5-4FC0-B190-DF677D36D230}.Debug All|Mixed Platforms.Build.0 = Debug|Any CPU
		{99645804-DEF5-4FC0-B190-DF677D36D230}.Debug All|Win32.ActiveCfg = Debug|Any CPU
		{99645804-DEF5-4FC0-B190-DF677D36D230}.Debug|Any CPU.ActiveCfg = Debug|Any CPU
		{99645804-DEF5-4FC0-B190-DF677D36D230}.Debug|Any CPU.Build.0 = Debug|Any CPU
		{99645804-DEF5-4FC0-B190-DF677D36D230}.Debug|Mixed Platforms.ActiveCfg = Debug|Any CPU
		{99645804-DEF5-4FC0-B190-DF677D36D230}.Debug|Mixed Platforms.Build.0 = Debug|Any CPU
		{99645804-DEF5-4FC0-B190-DF677D36D230}.Debug|Win32.ActiveCfg = Debug|Any CPU
		{99645804-DEF5-4FC0-B190-DF677D36D230}.Release All|Any CPU.ActiveCfg = Release|Any CPU
		{99645804-DEF5-4FC0-B190-DF677D36D230}.Release All|Any CPU.Build.0 = Release|Any CPU
		{99645804-DEF5-4FC0-B190-DF677D36D230}.Release All|Mixed Platforms.ActiveCfg = Release|Any CPU
		{99645804-DEF5-4FC0-B190-DF677D36D230}.Release All|Mixed Platforms.Build.0 = Release|Any CPU
		{99645804-DEF5-4FC0-B190-DF677D36D230}.Release All|Win32.ActiveCfg = Release|Any CPU
		{99645804-DEF5-4FC0-B190-DF677D36D230}.Release|Any CPU.ActiveCfg = Release|Any CPU
		{99645804-DEF5-4FC0-B190-DF677D36D230}.Release|Any CPU.Build.0 = Release|Any CPU
		{99645804-DEF5-4FC0-B190-DF677D36D230}.Release|Mixed Platforms.ActiveCfg = Release|Any CPU
		{99645804-DEF5-4FC0-B190-DF677D36D230}.Release|Mixed Platforms.Build.0 = Release|Any CPU
		{99645804-DEF5-4FC0-B190-DF677D36D230}.Release|Win32.ActiveCfg = Release|Any CPU
		{71C66A25-BA65-4C22-A988-5045020A2484}.Debug All|Any CPU.ActiveCfg = Debug|Any CPU
		{71C66A25-BA65-4C22-A988-5045020A2484}.Debug All|Any CPU.Build.0 = Debug|Any CPU
		{71C66A25-BA65-4C22-A988-5045020A2484}.Debug All|Mixed Platforms.ActiveCfg = Debug|Any CPU
		{71C66A25-BA65-4C22-A988-5045020A2484}.Debug All|Mixed Platforms.Build.0 = Debug|Any CPU
		{71C66A25-BA65-4C22-A988-5045020A2484}.Debug All|Win32.ActiveCfg = Debug|Any CPU
		{71C66A25-BA65-4C22-A988-5045020A2484}.Debug|Any CPU.ActiveCfg = Debug|Any CPU
		{71C66A25-BA65-4C22-A988-5045020A2484}.Debug|Any CPU.Build.0 = Debug|Any CPU
		{71C66A25-BA65-4C22-A988-5045020A2484}.Debug|Mixed Platforms.ActiveCfg = Debug|Any CPU
		{71C66A25-BA65-4C22-A988-5045020A2484}.Debug|Mixed Platforms.Build.0 = Debug|Any CPU
		{71C66A25-BA65-4C22-A988-5045020A2484}.Debug|Win32.ActiveCfg = Debug|Any CPU
		{71C66A25-BA65-4C22-A988-5045020A2484}.Release All|Any CPU.ActiveCfg = Release|Any CPU
		{71C66A25-BA65-4C22-A988-5045020A2484}.Release All|Any CPU.Build.0 = Release|Any CPU
		{71C66A25-BA65-4C22-A988-5045020A2484}.Release All|Mixed Platforms.ActiveCfg = Release|Any CPU
		{71C66A25-BA65-4C22-A988-5045020A2484}.Release All|Mixed Platforms.Build.0 = Release|Any CPU
		{71C66A25-BA65-4C22-A988-5045020A2484}.Release All|Win32.ActiveCfg = Release|Any CPU
		{71C66A25-BA65-4C22-A988-5045020A2484}.Release|Any CPU.ActiveCfg = Release|Any CPU
		{71C66A25-BA65-4C22-A988-5045020A2484}.Release|Any CPU.Build.0 = Release|Any CPU
		{71C66A25-BA65-4C22-A988-5045020A2484}.Release|Mixed Platforms.ActiveCfg = Release|Any CPU
		{71C66A25-BA65-4C22-A988-5045020A2484}.Release|Mixed Platforms.Build.0 = Release|Any CPU
		{71C66A25-BA65-4C22-A988-5045020A2484}.Release|Win32.ActiveCfg = Release|Any CPU
	EndGlobalSection
	GlobalSection(SolutionProperties) = preSolution
		HideSolutionNode = FALSE
	EndGlobalSection
EndGlobal
