<?xml version="1.0" encoding="utf-8"?>
<Project ToolsVersion="4.0" xmlns="http://schemas.microsoft.com/developer/msbuild/2003">
  <ItemGroup>
    <Filter Include="Source Files">
      <UniqueIdentifier>{9df335e9-3a4d-4181-9bac-9d0ac9146d8b}</UniqueIdentifier>
      <Extensions>cpp;c;cxx;def;odl;idl;hpj;bat;asm</Extensions>
    </Filter>
    <Filter Include="Header Files">
      <UniqueIdentifier>{1605a342-ec1a-44be-bb28-ac8ef4e1c6b6}</UniqueIdentifier>
      <Extensions>h;hpp;hxx;hm;inl;inc</Extensions>
    </Filter>
    <Filter Include="Resource Files">
      <UniqueIdentifier>{c2568319-1bde-4ebf-9d5b-303a6d2e1f87}</UniqueIdentifier>
      <Extensions>rc;ico;cur;bmp;dlg;rc2;rct;bin;rgs;gif;jpg;jpeg;jpe</Extensions>
    </Filter>
  </ItemGroup>
  <ItemGroup>
    <ClCompile Include="CDOM_ClassfactoryData.cpp">
      <Filter>Source Files</Filter>
    </ClCompile>
    <ClCompile Include="CDOM_FactoryTypesDatabase.cpp">
      <Filter>Source Files</Filter>
    </ClCompile>
    <ClCompile Include="CDOM_SimpleTypes.cpp">
      <Filter>Source Files</Filter>
    </ClCompile>
    <ClCompile Include="CDOM_XplAssing.cpp">
      <Filter>Source Files</Filter>
    </ClCompile>
    <ClCompile Include="CDOM_XplAutoInstance.cpp">
      <Filter>Source Files</Filter>
    </ClCompile>
    <ClCompile Include="CDOM_XplBaseInitializer.cpp">
      <Filter>Source Files</Filter>
    </ClCompile>
    <ClCompile Include="CDOM_XplBaseInitializers.cpp">
      <Filter>Source Files</Filter>
    </ClCompile>
    <ClCompile Include="CDOM_XplBinaryoperator.cpp">
      <Filter>Source Files</Filter>
    </ClCompile>
    <ClCompile Include="CDOM_XplCase.cpp">
      <Filter>Source Files</Filter>
    </ClCompile>
    <ClCompile Include="CDOM_XplCastexpression.cpp">
      <Filter>Source Files</Filter>
    </ClCompile>
    <ClCompile Include="CDOM_XplCatchinit.cpp">
      <Filter>Source Files</Filter>
    </ClCompile>
    <ClCompile Include="CDOM_XplCatchStatement.cpp">
      <Filter>Source Files</Filter>
    </ClCompile>
    <ClCompile Include="CDOM_XplCexpression.cpp">
      <Filter>Source Files</Filter>
    </ClCompile>
    <ClCompile Include="CDOM_XplClass.cpp">
      <Filter>Source Files</Filter>
    </ClCompile>
    <ClCompile Include="CDOM_XplClassfactorysPermissions.cpp">
      <Filter>Source Files</Filter>
    </ClCompile>
    <ClCompile Include="CDOM_XplClassMembersList.cpp">
      <Filter>Source Files</Filter>
    </ClCompile>
    <ClCompile Include="CDOM_XplComplexfunctioncall.cpp">
      <Filter>Source Files</Filter>
    </ClCompile>
    <ClCompile Include="CDOM_XplConfig.cpp">
      <Filter>Source Files</Filter>
    </ClCompile>
    <ClCompile Include="CDOM_XplCopyright.cpp">
      <Filter>Source Files</Filter>
    </ClCompile>
    <ClCompile Include="CDOM_XplDeclarator.cpp">
      <Filter>Source Files</Filter>
    </ClCompile>
    <ClCompile Include="CDOM_XplDeclaratorlist.cpp">
      <Filter>Source Files</Filter>
    </ClCompile>
    <ClCompile Include="CDOM_XplDirectoutput.cpp">
      <Filter>Source Files</Filter>
    </ClCompile>
    <ClCompile Include="CDOM_XplDocument.cpp">
      <Filter>Source Files</Filter>
    </ClCompile>
    <ClCompile Include="CDOM_XplDocumentation.cpp">
      <Filter>Source Files</Filter>
    </ClCompile>
    <ClCompile Include="CDOM_XplDocumentBody.cpp">
      <Filter>Source Files</Filter>
    </ClCompile>
    <ClCompile Include="CDOM_XplDocumentData.cpp">
      <Filter>Source Files</Filter>
    </ClCompile>
    <ClCompile Include="CDOM_XplDowhileStatement.cpp">
      <Filter>Source Files</Filter>
    </ClCompile>
    <ClCompile Include="CDOM_XplError.cpp">
      <Filter>Source Files</Filter>
    </ClCompile>
    <ClCompile Include="CDOM_XplExpression.cpp">
      <Filter>Source Files</Filter>
    </ClCompile>
    <ClCompile Include="CDOM_XplExpressionlist.cpp">
      <Filter>Source Files</Filter>
    </ClCompile>
    <ClCompile Include="CDOM_XplExtendedLayerDZoeDocumentConfig.cpp">
      <Filter>Source Files</Filter>
    </ClCompile>
    <ClCompile Include="CDOM_XplExtendedLayerDZoeRequirementsConfig.cpp">
      <Filter>Source Files</Filter>
    </ClCompile>
    <ClCompile Include="CDOM_XplField.cpp">
      <Filter>Source Files</Filter>
    </ClCompile>
    <ClCompile Include="CDOM_XplFileData.cpp">
      <Filter>Source Files</Filter>
    </ClCompile>
    <ClCompile Include="CDOM_XplForinit.cpp">
      <Filter>Source Files</Filter>
    </ClCompile>
    <ClCompile Include="CDOM_XplForStatement.cpp">
      <Filter>Source Files</Filter>
    </ClCompile>
    <ClCompile Include="CDOM_XplFunction.cpp">
      <Filter>Source Files</Filter>
    </ClCompile>
    <ClCompile Include="CDOM_XplFunctionBody.cpp">
      <Filter>Source Files</Filter>
    </ClCompile>
    <ClCompile Include="CDOM_XplFunctioncall.cpp">
      <Filter>Source Files</Filter>
    </ClCompile>
    <ClCompile Include="CDOM_XplGarbageCollector.cpp">
      <Filter>Source Files</Filter>
    </ClCompile>
    <ClCompile Include="CDOM_XplIfStatement.cpp">
      <Filter>Source Files</Filter>
    </ClCompile>
    <ClCompile Include="CDOM_XplImportProcessConfig.cpp">
      <Filter>Source Files</Filter>
    </ClCompile>
    <ClCompile Include="CDOM_XplInfoLayerZoeOutputModuleConfig.cpp">
      <Filter>Source Files</Filter>
    </ClCompile>
    <ClCompile Include="CDOM_XplInherit.cpp">
      <Filter>Source Files</Filter>
    </ClCompile>
    <ClCompile Include="CDOM_XplInherits.cpp">
      <Filter>Source Files</Filter>
    </ClCompile>
    <ClCompile Include="CDOM_XplInitializerList.cpp">
      <Filter>Source Files</Filter>
    </ClCompile>
    <ClCompile Include="CDOM_XplJump.cpp">
      <Filter>Source Files</Filter>
    </ClCompile>
    <ClCompile Include="CDOM_XplLanguage.cpp">
      <Filter>Source Files</Filter>
    </ClCompile>
    <ClCompile Include="CDOM_XplLayerDCompiler.cpp">
      <Filter>Source Files</Filter>
    </ClCompile>
    <ClCompile Include="CDOM_XplLayerDErrorInterchangeConfig.cpp">
      <Filter>Source Files</Filter>
    </ClCompile>
    <ClCompile Include="CDOM_XplLayerDZoeDocumentConfig.cpp">
      <Filter>Source Files</Filter>
    </ClCompile>
    <ClCompile Include="CDOM_XplLayerDZoeProgramConfig.cpp">
      <Filter>Source Files</Filter>
    </ClCompile>
    <ClCompile Include="CDOM_XplLayerDZoeProgramRequirements.cpp">
      <Filter>Source Files</Filter>
    </ClCompile>
    <ClCompile Include="CDOM_XplLiteral.cpp">
      <Filter>Source Files</Filter>
    </ClCompile>
    <ClCompile Include="CDOM_XplName.cpp">
      <Filter>Source Files</Filter>
    </ClCompile>
    <ClCompile Include="CDOM_XplNamespace.cpp">
      <Filter>Source Files</Filter>
    </ClCompile>
    <ClCompile Include="CDOM_XplNewExpression.cpp">
      <Filter>Source Files</Filter>
    </ClCompile>
    <ClCompile Include="CDOM_XplOutputModuleCapabilities.cpp">
      <Filter>Source Files</Filter>
    </ClCompile>
    <ClCompile Include="CDOM_XplParameter.cpp">
      <Filter>Source Files</Filter>
    </ClCompile>
    <ClCompile Include="CDOM_XplParameters.cpp">
      <Filter>Source Files</Filter>
    </ClCompile>
    <ClCompile Include="CDOM_XplPlatform.cpp">
      <Filter>Source Files</Filter>
    </ClCompile>
    <ClCompile Include="CDOM_XplPlatformAlias.cpp">
      <Filter>Source Files</Filter>
    </ClCompile>
    <ClCompile Include="CDOM_XplPointerinfo.cpp">
      <Filter>Source Files</Filter>
    </ClCompile>
    <ClCompile Include="CDOM_XplProperty.cpp">
      <Filter>Source Files</Filter>
    </ClCompile>
    <ClCompile Include="CDOM_XplSetonerror.cpp">
      <Filter>Source Files</Filter>
    </ClCompile>
    <ClCompile Include="CDOM_XplSetPlatforms.cpp">
      <Filter>Source Files</Filter>
    </ClCompile>
    <ClCompile Include="CDOM_XplSourceFile.cpp">
      <Filter>Source Files</Filter>
    </ClCompile>
    <ClCompile Include="CDOM_XplSwitchStatement.cpp">
      <Filter>Source Files</Filter>
    </ClCompile>
    <ClCompile Include="CDOM_XplTargetPlatform.cpp">
      <Filter>Source Files</Filter>
    </ClCompile>
    <ClCompile Include="CDOM_XplTernaryoperator.cpp">
      <Filter>Source Files</Filter>
    </ClCompile>
    <ClCompile Include="CDOM_XplTryStatement.cpp">
      <Filter>Source Files</Filter>
    </ClCompile>
    <ClCompile Include="CDOM_XplType.cpp">
      <Filter>Source Files</Filter>
    </ClCompile>
    <ClCompile Include="CDOM_XplUnaryoperator.cpp">
      <Filter>Source Files</Filter>
    </ClCompile>
    <ClCompile Include="CDOM_XplWriteCodeBody.cpp">
      <Filter>Source Files</Filter>
    </ClCompile>
    <ClCompile Include="CDOMBase.cpp">
      <Filter>Source Files</Filter>
    </ClCompile>
  </ItemGroup>
  <ItemGroup>
    <ClInclude Include="CDOM_ClassfactoryData.h">
      <Filter>Header Files</Filter>
    </ClInclude>
    <ClInclude Include="CDOM_FactoryTypesDatabase.h">
      <Filter>Header Files</Filter>
    </ClInclude>
    <ClInclude Include="CDOM_IncludeAll.h">
      <Filter>Header Files</Filter>
    </ClInclude>
    <ClInclude Include="CDOM_PreDecl.h">
      <Filter>Header Files</Filter>
    </ClInclude>
    <ClInclude Include="CDOM_SimpleTypes.h">
      <Filter>Header Files</Filter>
    </ClInclude>
    <ClInclude Include="CDOM_XplAssing.h">
      <Filter>Header Files</Filter>
    </ClInclude>
    <ClInclude Include="CDOM_XplAutoInstance.h">
      <Filter>Header Files</Filter>
    </ClInclude>
    <ClInclude Include="CDOM_XplBaseInitializer.h">
      <Filter>Header Files</Filter>
    </ClInclude>
    <ClInclude Include="CDOM_XplBaseInitializers.h">
      <Filter>Header Files</Filter>
    </ClInclude>
    <ClInclude Include="CDOM_XplBinaryoperator.h">
      <Filter>Header Files</Filter>
    </ClInclude>
    <ClInclude Include="CDOM_XplCase.h">
      <Filter>Header Files</Filter>
    </ClInclude>
    <ClInclude Include="CDOM_XplCastexpression.h">
      <Filter>Header Files</Filter>
    </ClInclude>
    <ClInclude Include="CDOM_XplCatchinit.h">
      <Filter>Header Files</Filter>
    </ClInclude>
    <ClInclude Include="CDOM_XplCatchStatement.h">
      <Filter>Header Files</Filter>
    </ClInclude>
    <ClInclude Include="CDOM_XplCexpression.h">
      <Filter>Header Files</Filter>
    </ClInclude>
    <ClInclude Include="CDOM_XplClass.h">
      <Filter>Header Files</Filter>
    </ClInclude>
    <ClInclude Include="CDOM_XplClassfactorysPermissions.h">
      <Filter>Header Files</Filter>
    </ClInclude>
    <ClInclude Include="CDOM_XplClassMembersList.h">
      <Filter>Header Files</Filter>
    </ClInclude>
    <ClInclude Include="CDOM_XplComplexfunctioncall.h">
      <Filter>Header Files</Filter>
    </ClInclude>
    <ClInclude Include="CDOM_XplConfig.h">
      <Filter>Header Files</Filter>
    </ClInclude>
    <ClInclude Include="CDOM_XplCopyright.h">
      <Filter>Header Files</Filter>
    </ClInclude>
    <ClInclude Include="CDOM_XplDeclarator.h">
      <Filter>Header Files</Filter>
    </ClInclude>
    <ClInclude Include="CDOM_XplDeclaratorlist.h">
      <Filter>Header Files</Filter>
    </ClInclude>
    <ClInclude Include="CDOM_XplDirectoutput.h">
      <Filter>Header Files</Filter>
    </ClInclude>
    <ClInclude Include="CDOM_XplDocument.h">
      <Filter>Header Files</Filter>
    </ClInclude>
    <ClInclude Include="CDOM_XplDocumentation.h">
      <Filter>Header Files</Filter>
    </ClInclude>
    <ClInclude Include="CDOM_XplDocumentBody.h">
      <Filter>Header Files</Filter>
    </ClInclude>
    <ClInclude Include="CDOM_XplDocumentData.h">
      <Filter>Header Files</Filter>
    </ClInclude>
    <ClInclude Include="CDOM_XplDowhileStatement.h">
      <Filter>Header Files</Filter>
    </ClInclude>
    <ClInclude Include="CDOM_XplError.h">
      <Filter>Header Files</Filter>
    </ClInclude>
    <ClInclude Include="CDOM_XplExpression.h">
      <Filter>Header Files</Filter>
    </ClInclude>
    <ClInclude Include="CDOM_XplExpressionlist.h">
      <Filter>Header Files</Filter>
    </ClInclude>
    <ClInclude Include="CDOM_XplExtendedLayerDZoeDocumentConfig.h">
      <Filter>Header Files</Filter>
    </ClInclude>
    <ClInclude Include="CDOM_XplExtendedLayerDZoeRequirementsConfig.h">
      <Filter>Header Files</Filter>
    </ClInclude>
    <ClInclude Include="CDOM_XplField.h">
      <Filter>Header Files</Filter>
    </ClInclude>
    <ClInclude Include="CDOM_XplFileData.h">
      <Filter>Header Files</Filter>
    </ClInclude>
    <ClInclude Include="CDOM_XplForinit.h">
      <Filter>Header Files</Filter>
    </ClInclude>
    <ClInclude Include="CDOM_XplForStatement.h">
      <Filter>Header Files</Filter>
    </ClInclude>
    <ClInclude Include="CDOM_XplFunction.h">
      <Filter>Header Files</Filter>
    </ClInclude>
    <ClInclude Include="CDOM_XplFunctionBody.h">
      <Filter>Header Files</Filter>
    </ClInclude>
    <ClInclude Include="CDOM_XplFunctioncall.h">
      <Filter>Header Files</Filter>
    </ClInclude>
    <ClInclude Include="CDOM_XplGarbageCollector.h">
      <Filter>Header Files</Filter>
    </ClInclude>
    <ClInclude Include="CDOM_XplIfStatement.h">
      <Filter>Header Files</Filter>
    </ClInclude>
    <ClInclude Include="CDOM_XplImportProcessConfig.h">
      <Filter>Header Files</Filter>
    </ClInclude>
    <ClInclude Include="CDOM_XplInfoLayerZoeOutputModuleConfig.h">
      <Filter>Header Files</Filter>
    </ClInclude>
    <ClInclude Include="CDOM_XplInherit.h">
      <Filter>Header Files</Filter>
    </ClInclude>
    <ClInclude Include="CDOM_XplInherits.h">
      <Filter>Header Files</Filter>
    </ClInclude>
    <ClInclude Include="CDOM_XplInitializerList.h">
      <Filter>Header Files</Filter>
    </ClInclude>
    <ClInclude Include="CDOM_XplJump.h">
      <Filter>Header Files</Filter>
    </ClInclude>
    <ClInclude Include="CDOM_XplLanguage.h">
      <Filter>Header Files</Filter>
    </ClInclude>
    <ClInclude Include="CDOM_XplLayerDCompiler.h">
      <Filter>Header Files</Filter>
    </ClInclude>
    <ClInclude Include="CDOM_XplLayerDErrorInterchangeConfig.h">
      <Filter>Header Files</Filter>
    </ClInclude>
    <ClInclude Include="CDOM_XplLayerDZoeDocumentConfig.h">
      <Filter>Header Files</Filter>
    </ClInclude>
    <ClInclude Include="CDOM_XplLayerDZoeProgramConfig.h">
      <Filter>Header Files</Filter>
    </ClInclude>
    <ClInclude Include="CDOM_XplLayerDZoeProgramRequirements.h">
      <Filter>Header Files</Filter>
    </ClInclude>
    <ClInclude Include="CDOM_XplLiteral.h">
      <Filter>Header Files</Filter>
    </ClInclude>
    <ClInclude Include="CDOM_XplName.h">
      <Filter>Header Files</Filter>
    </ClInclude>
    <ClInclude Include="CDOM_XplNamespace.h">
      <Filter>Header Files</Filter>
    </ClInclude>
    <ClInclude Include="CDOM_XplNewExpression.h">
      <Filter>Header Files</Filter>
    </ClInclude>
    <ClInclude Include="CDOM_XplOutputModuleCapabilities.h">
      <Filter>Header Files</Filter>
    </ClInclude>
    <ClInclude Include="CDOM_XplParameter.h">
      <Filter>Header Files</Filter>
    </ClInclude>
    <ClInclude Include="CDOM_XplParameters.h">
      <Filter>Header Files</Filter>
    </ClInclude>
    <ClInclude Include="CDOM_XplPlatform.h">
      <Filter>Header Files</Filter>
    </ClInclude>
    <ClInclude Include="CDOM_XplPlatformAlias.h">
      <Filter>Header Files</Filter>
    </ClInclude>
    <ClInclude Include="CDOM_XplPointerinfo.h">
      <Filter>Header Files</Filter>
    </ClInclude>
    <ClInclude Include="CDOM_XplProperty.h">
      <Filter>Header Files</Filter>
    </ClInclude>
    <ClInclude Include="CDOM_XplSetonerror.h">
      <Filter>Header Files</Filter>
    </ClInclude>
    <ClInclude Include="CDOM_XplSetPlatforms.h">
      <Filter>Header Files</Filter>
    </ClInclude>
    <ClInclude Include="CDOM_XplSourceFile.h">
      <Filter>Header Files</Filter>
    </ClInclude>
    <ClInclude Include="CDOM_XplSwitchStatement.h">
      <Filter>Header Files</Filter>
    </ClInclude>
    <ClInclude Include="CDOM_XplTargetPlatform.h">
      <Filter>Header Files</Filter>
    </ClInclude>
    <ClInclude Include="CDOM_XplTernaryoperator.h">
      <Filter>Header Files</Filter>
    </ClInclude>
    <ClInclude Include="CDOM_XplTryStatement.h">
      <Filter>Header Files</Filter>
    </ClInclude>
    <ClInclude Include="CDOM_XplType.h">
      <Filter>Header Files</Filter>
    </ClInclude>
    <ClInclude Include="CDOM_XplUnaryoperator.h">
      <Filter>Header Files</Filter>
    </ClInclude>
    <ClInclude Include="CDOM_XplWriteCodeBody.h">
      <Filter>Header Files</Filter>
    </ClInclude>
    <ClInclude Include="CDOMBase.h">
      <Filter>Header Files</Filter>
    </ClInclude>
  </ItemGroup>
  <ItemGroup>
    <None Include="License.txt" />
    <None Include="ReadMe.txt" />
  </ItemGroup>
</Project>